
Microsoft Visual Studio Solution File, Format Version 12.00
# Visual Studio Version 16
VisualStudioVersion = 16.0.28809.33
MinimumVisualStudioVersion = 10.0.40219.1
Project("{FAE04EC0-301F-11D3-BF4B-00C04F79EFBC}") = "CourseApplicationAI", "CourseApplicationAI\CourseApplicationAI.csproj", "{A72336B0-3388-46D6-BD87-FC295C09D0A7}"
EndProject
Global
	GlobalSection(SolutionConfigurationPlatforms) = preSolution
		Debug|Any CPU = Debug|Any CPU
		Release|Any CPU = Release|Any CPU
	EndGlobalSection
	GlobalSection(ProjectConfigurationPlatforms) = postSolution
		{A72336B0-3388-46D6-BD87-FC295C09D0A7}.Debug|Any CPU.ActiveCfg = Debug|Any CPU
		{A72336B0-3388-46D6-BD87-FC295C09D0A7}.Debug|Any CPU.Build.0 = Debug|Any CPU
		{A72336B0-3388-46D6-BD87-FC295C09D0A7}.Release|Any CPU.ActiveCfg = Release|Any CPU
		{A72336B0-3388-46D6-BD87-FC295C09D0A7}.Release|Any CPU.Build.0 = Release|Any CPU
	EndGlobalSection
	GlobalSection(SolutionProperties) = preSolution
		HideSolutionNode = FALSE
	EndGlobalSection
	GlobalSection(ExtensibilityGlobals) = postSolution
		SolutionGuid = {CD246DD0-5F69-47D5-B5FA-64B227BA3371}
	EndGlobalSection
EndGlobal
